// !$*UTF8*$!
{
	archiveVersion = 1;
	classes = {
	};
	objectVersion = 56;
	objects = {

/* Begin PBXBuildFile section */
		DCB4226D2C9AFC6600C90FF5 /* AppDelegate.swift in Sources */ = {isa = PBXBuildFile; fileRef = DCB4226C2C9AFC6600C90FF5 /* AppDelegate.swift */; };
		DCB4226F2C9AFC6600C90FF5 /* SceneDelegate.swift in Sources */ = {isa = PBXBuildFile; fileRef = DCB4226E2C9AFC6600C90FF5 /* SceneDelegate.swift */; };
		DCB422712C9AFC6600C90FF5 /* ViewController.swift in Sources */ = {isa = PBXBuildFile; fileRef = DCB422702C9AFC6600C90FF5 /* ViewController.swift */; };
		DCB422742C9AFC6600C90FF5 /* Main.storyboard in Resources */ = {isa = PBXBuildFile; fileRef = DCB422722C9AFC6600C90FF5 /* Main.storyboard */; };
		DCB422762C9AFC6800C90FF5 /* Assets.xcassets in Resources */ = {isa = PBXBuildFile; fileRef = DCB422752C9AFC6800C90FF5 /* Assets.xcassets */; };
		DCB422792C9AFC6800C90FF5 /* LaunchScreen.storyboard in Resources */ = {isa = PBXBuildFile; fileRef = DCB422772C9AFC6800C90FF5 /* LaunchScreen.storyboard */; };
		DCB422812C9B0EE300C90FF5 /* Service.swift in Sources */ = {isa = PBXBuildFile; fileRef = DCB422802C9B0EE300C90FF5 /* Service.swift */; };
		DCB422832C9B0EF200C90FF5 /* ZipCodeModel.swift in Sources */ = {isa = PBXBuildFile; fileRef = DCB422822C9B0EF200C90FF5 /* ZipCodeModel.swift */; };
/* End PBXBuildFile section */

/* Begin PBXFileReference section */
		DCB422692C9AFC6600C90FF5 /* URLSessionUserDefaultsPractice3B21.app */ = {isa = PBXFileReference; explicitFileType = wrapper.application; includeInIndex = 0; path = URLSessionUserDefaultsPractice3B21.app; sourceTree = BUILT_PRODUCTS_DIR; };
		DCB4226C2C9AFC6600C90FF5 /* AppDelegate.swift */ = {isa = PBXFileReference; lastKnownFileType = sourcecode.swift; path = AppDelegate.swift; sourceTree = "<group>"; };
		DCB4226E2C9AFC6600C90FF5 /* SceneDelegate.swift */ = {isa = PBXFileReference; lastKnownFileType = sourcecode.swift; path = SceneDelegate.swift; sourceTree = "<group>"; };
		DCB422702C9AFC6600C90FF5 /* ViewController.swift */ = {isa = PBXFileReference; lastKnownFileType = sourcecode.swift; path = ViewController.swift; sourceTree = "<group>"; };
		DCB422732C9AFC6600C90FF5 /* Base */ = {isa = PBXFileReference; lastKnownFileType = file.storyboard; name = Base; path = Base.lproj/Main.storyboard; sourceTree = "<group>"; };
		DCB422752C9AFC6800C90FF5 /* Assets.xcassets */ = {isa = PBXFileReference; lastKnownFileType = folder.assetcatalog; path = Assets.xcassets; sourceTree = "<group>"; };
		DCB422782C9AFC6800C90FF5 /* Base */ = {isa = PBXFileReference; lastKnownFileType = file.storyboard; name = Base; path = Base.lproj/LaunchScreen.storyboard; sourceTree = "<group>"; };
		DCB4227A2C9AFC6800C90FF5 /* Info.plist */ = {isa = PBXFileReference; lastKnownFileType = text.plist.xml; path = Info.plist; sourceTree = "<group>"; };
		DCB422802C9B0EE300C90FF5 /* Service.swift */ = {isa = PBXFileReference; lastKnownFileType = sourcecode.swift; path = Service.swift; sourceTree = "<group>"; };
		DCB422822C9B0EF200C90FF5 /* ZipCodeModel.swift */ = {isa = PBXFileReference; lastKnownFileType = sourcecode.swift; path = ZipCodeModel.swift; sourceTree = "<group>"; };
/* End PBXFileReference section */

/* Begin PBXFrameworksBuildPhase section */
		DCB422662C9AFC6600C90FF5 /* Frameworks */ = {
			isa = PBXFrameworksBuildPhase;
			buildActionMask = 2147483647;
			files = (
			);
			runOnlyForDeploymentPostprocessing = 0;
		};
/* End PBXFrameworksBuildPhase section */

/* Begin PBXGroup section */
		DCB422602C9AFC6600C90FF5 = {
			isa = PBXGroup;
			children = (
				DCB4226B2C9AFC6600C90FF5 /* URLSessionUserDefaultsPractice3B21 */,
				DCB4226A2C9AFC6600C90FF5 /* Products */,
			);
			sourceTree = "<group>";
		};
		DCB4226A2C9AFC6600C90FF5 /* Products */ = {
			isa = PBXGroup;
			children = (
				DCB422692C9AFC6600C90FF5 /* URLSessionUserDefaultsPractice3B21.app */,
			);
			name = Products;
			sourceTree = "<group>";
		};
		DCB4226B2C9AFC6600C90FF5 /* URLSessionUserDefaultsPractice3B21 */ = {
			isa = PBXGroup;
			children = (
				DCB4226C2C9AFC6600C90FF5 /* AppDelegate.swift */,
				DCB4226E2C9AFC6600C90FF5 /* SceneDelegate.swift */,
				DCB422702C9AFC6600C90FF5 /* ViewController.swift */,
				DCB422802C9B0EE300C90FF5 /* Service.swift */,
				DCB422822C9B0EF200C90FF5 /* ZipCodeModel.swift */,
				DCB422722C9AFC6600C90FF5 /* Main.storyboard */,
				DCB422752C9AFC6800C90FF5 /* Assets.xcassets */,
				DCB422772C9AFC6800C90FF5 /* LaunchScreen.storyboard */,
				DCB4227A2C9AFC6800C90FF5 /* Info.plist */,
			);
			path = URLSessionUserDefaultsPractice3B21;
			sourceTree = "<group>";
		};
/* End PBXGroup section */

/* Begin PBXNativeTarget section */
		DCB422682C9AFC6600C90FF5 /* URLSessionUserDefaultsPractice3B21 */ = {
			isa = PBXNativeTarget;
			buildConfigurationList = DCB4227D2C9AFC6800C90FF5 /* Build configuration list for PBXNativeTarget "URLSessionUserDefaultsPractice3B21" */;
			buildPhases = (
				DCB422652C9AFC6600C90FF5 /* Sources */,
				DCB422662C9AFC6600C90FF5 /* Frameworks */,
				DCB422672C9AFC6600C90FF5 /* Resources */,
			);
			buildRules = (
			);
			dependencies = (
			);
			name = URLSessionUserDefaultsPractice3B21;
			productName = URLSessionUserDefaultsPractice3B21;
			productReference = DCB422692C9AFC6600C90FF5 /* URLSessionUserDefaultsPractice3B21.app */;
			productType = "com.apple.product-type.application";
		};
/* End PBXNativeTarget section */

/* Begin PBXProject section */
		DCB422612C9AFC6600C90FF5 /* Project object */ = {
			isa = PBXProject;
			attributes = {
				BuildIndependentTargetsInParallel = 1;
				LastSwiftUpdateCheck = 1420;
				LastUpgradeCheck = 1420;
				TargetAttributes = {
					DCB422682C9AFC6600C90FF5 = {
						CreatedOnToolsVersion = 14.2;
					};
				};
			};
			buildConfigurationList = DCB422642C9AFC6600C90FF5 /* Build configuration list for PBXProject "URLSessionUserDefaultsPractice3B21" */;
			compatibilityVersion = "Xcode 14.0";
			developmentRegion = en;
			hasScannedForEncodings = 0;
			knownRegions = (
				en,
				Base,
			);
			mainGroup = DCB422602C9AFC6600C90FF5;
			productRefGroup = DCB4226A2C9AFC6600C90FF5 /* Products */;
			projectDirPath = "";
			projectRoot = "";
			targets = (
				DCB422682C9AFC6600C90FF5 /* URLSessionUserDefaultsPractice3B21 */,
			);
		};
/* End PBXProject section */

/* Begin PBXResourcesBuildPhase section */
		DCB422672C9AFC6600C90FF5 /* Resources */ = {
			isa = PBXResourcesBuildPhase;
			buildActionMask = 2147483647;
			files = (
				DCB422792C9AFC6800C90FF5 /* LaunchScreen.storyboard in Resources */,
				DCB422762C9AFC6800C90FF5 /* Assets.xcassets in Resources */,
				DCB422742C9AFC6600C90FF5 /* Main.storyboard in Resources */,
			);
			runOnlyForDeploymentPostprocessing = 0;
		};
/* End PBXResourcesBuildPhase section */

/* Begin PBXSourcesBuildPhase section */
		DCB422652C9AFC6600C90FF5 /* Sources */ = {
			isa = PBXSourcesBuildPhase;
			buildActionMask = 2147483647;
			files = (
				DCB422712C9AFC6600C90FF5 /* ViewController.swift in Sources */,
				DCB422812C9B0EE300C90FF5 /* Service.swift in Sources */,
				DCB4226D2C9AFC6600C90FF5 /* AppDelegate.swift in Sources */,
				DCB422832C9B0EF200C90FF5 /* ZipCodeModel.swift in Sources */,
				DCB4226F2C9AFC6600C90FF5 /* SceneDelegate.swift in Sources */,
			);
			runOnlyForDeploymentPostprocessing = 0;
		};
/* End PBXSourcesBuildPhase section */

/* Begin PBXVariantGroup section */
		DCB422722C9AFC6600C90FF5 /* Main.storyboard */ = {
			isa = PBXVariantGroup;
			children = (
				DCB422732C9AFC6600C90FF5 /* Base */,
			);
			name = Main.storyboard;
			sourceTree = "<group>";
		};
		DCB422772C9AFC6800C90FF5 /* LaunchScreen.storyboard */ = {
			isa = PBXVariantGroup;
			children = (
				DCB422782C9AFC6800C90FF5 /* Base */,
			);
			name = LaunchScreen.storyboard;
			sourceTree = "<group>";
		};
/* End PBXVariantGroup section */

/* Begin XCBuildConfiguration section */
		DCB4227B2C9AFC6800C90FF5 /* Debug */ = {
			isa = XCBuildConfiguration;
			buildSettings = {
				ALWAYS_SEARCH_USER_PATHS = NO;
				CLANG_ANALYZER_NONNULL = YES;
				CLANG_ANALYZER_NUMBER_OBJECT_CONVERSION = YES_AGGRESSIVE;
				CLANG_CXX_LANGUAGE_STANDARD = "gnu++20";
				CLANG_ENABLE_MODULES = YES;
				CLANG_ENABLE_OBJC_ARC = YES;
				CLANG_ENABLE_OBJC_WEAK = YES;
				CLANG_WARN_BLOCK_CAPTURE_AUTORELEASING = YES;
				CLANG_WARN_BOOL_CONVERSION = YES;
				CLANG_WARN_COMMA = YES;
				CLANG_WARN_CONSTANT_CONVERSION = YES;
				CLANG_WARN_DEPRECATED_OBJC_IMPLEMENTATIONS = YES;
				CLANG_WARN_DIRECT_OBJC_ISA_USAGE = YES_ERROR;
				CLANG_WARN_DOCUMENTATION_COMMENTS = YES;
				CLANG_WARN_EMPTY_BODY = YES;
				CLANG_WARN_ENUM_CONVERSION = YES;
				CLANG_WARN_INFINITE_RECURSION = YES;
				CLANG_WARN_INT_CONVERSION = YES;
				CLANG_WARN_NON_LITERAL_NULL_CONVERSION = YES;
				CLANG_WARN_OBJC_IMPLICIT_RETAIN_SELF = YES;
				CLANG_WARN_OBJC_LITERAL_CONVERSION = YES;
				CLANG_WARN_OBJC_ROOT_CLASS = YES_ERROR;
				CLANG_WARN_QUOTED_INCLUDE_IN_FRAMEWORK_HEADER = YES;
				CLANG_WARN_RANGE_LOOP_ANALYSIS = YES;
				CLANG_WARN_STRICT_PROTOTYPES = YES;
				CLANG_WARN_SUSPICIOUS_MOVE = YES;
				CLANG_WARN_UNGUARDED_AVAILABILITY = YES_AGGRESSIVE;
				CLANG_WARN_UNREACHABLE_CODE = YES;
				CLANG_WARN__DUPLICATE_METHOD_MATCH = YES;
				COPY_PHASE_STRIP = NO;
				DEBUG_INFORMATION_FORMAT = dwarf;
				ENABLE_STRICT_OBJC_MSGSEND = YES;
				ENABLE_TESTABILITY = YES;
				GCC_C_LANGUAGE_STANDARD = gnu11;
				GCC_DYNAMIC_NO_PIC = NO;
				GCC_NO_COMMON_BLOCKS = YES;
				GCC_OPTIMIZATION_LEVEL = 0;
				GCC_PREPROCESSOR_DEFINITIONS = (
					"DEBUG=1",
					"$(inherited)",
				);
				GCC_WARN_64_TO_32_BIT_CONVERSION = YES;
				GCC_WARN_ABOUT_RETURN_TYPE = YES_ERROR;
				GCC_WARN_UNDECLARED_SELECTOR = YES;
				GCC_WARN_UNINITIALIZED_AUTOS = YES_AGGRESSIVE;
				GCC_WARN_UNUSED_FUNCTION = YES;
				GCC_WARN_UNUSED_VARIABLE = YES;
				IPHONEOS_DEPLOYMENT_TARGET = 16.2;
				MTL_ENABLE_DEBUG_INFO = INCLUDE_SOURCE;
				MTL_FAST_MATH = YES;
				ONLY_ACTIVE_ARCH = YES;
				SDKROOT = iphoneos;
				SWIFT_ACTIVE_COMPILATION_CONDITIONS = DEBUG;
				SWIFT_OPTIMIZATION_LEVEL = "-Onone";
			};
			name = Debug;
		};
		DCB4227C2C9AFC6800C90FF5 /* Release */ = {
			isa = XCBuildConfiguration;
			buildSettings = {
				ALWAYS_SEARCH_USER_PATHS = NO;
				CLANG_ANALYZER_NONNULL = YES;
				CLANG_ANALYZER_NUMBER_OBJECT_CONVERSION = YES_AGGRESSIVE;
				CLANG_CXX_LANGUAGE_STANDARD = "gnu++20";
				CLANG_ENABLE_MODULES = YES;
				CLANG_ENABLE_OBJC_ARC = YES;
				CLANG_ENABLE_OBJC_WEAK = YES;
				CLANG_WARN_BLOCK_CAPTURE_AUTORELEASING = YES;
				CLANG_WARN_BOOL_CONVERSION = YES;
				CLANG_WARN_COMMA = YES;
				CLANG_WARN_CONSTANT_CONVERSION = YES;
				CLANG_WARN_DEPRECATED_OBJC_IMPLEMENTATIONS = YES;
				CLANG_WARN_DIRECT_OBJC_ISA_USAGE = YES_ERROR;
				CLANG_WARN_DOCUMENTATION_COMMENTS = YES;
				CLANG_WARN_EMPTY_BODY = YES;
				CLANG_WARN_ENUM_CONVERSION = YES;
				CLANG_WARN_INFINITE_RECURSION = YES;
				CLANG_WARN_INT_CONVERSION = YES;
				CLANG_WARN_NON_LITERAL_NULL_CONVERSION = YES;
				CLANG_WARN_OBJC_IMPLICIT_RETAIN_SELF = YES;
				CLANG_WARN_OBJC_LITERAL_CONVERSION = YES;
				CLANG_WARN_OBJC_ROOT_CLASS = YES_ERROR;
				CLANG_WARN_QUOTED_INCLUDE_IN_FRAMEWORK_HEADER = YES;
				CLANG_WARN_RANGE_LOOP_ANALYSIS = YES;
				CLANG_WARN_STRICT_PROTOTYPES = YES;
				CLANG_WARN_SUSPICIOUS_MOVE = YES;
				CLANG_WARN_UNGUARDED_AVAILABILITY = YES_AGGRESSIVE;
				CLANG_WARN_UNREACHABLE_CODE = YES;
				CLANG_WARN__DUPLICATE_METHOD_MATCH = YES;
				COPY_PHASE_STRIP = NO;
				DEBUG_INFORMATION_FORMAT = "dwarf-with-dsym";
				ENABLE_NS_ASSERTIONS = NO;
				ENABLE_STRICT_OBJC_MSGSEND = YES;
				GCC_C_LANGUAGE_STANDARD = gnu11;
				GCC_NO_COMMON_BLOCKS = YES;
				GCC_WARN_64_TO_32_BIT_CONVERSION = YES;
				GCC_WARN_ABOUT_RETURN_TYPE = YES_ERROR;
				GCC_WARN_UNDECLARED_SELECTOR = YES;
				GCC_WARN_UNINITIALIZED_AUTOS = YES_AGGRESSIVE;
				GCC_WARN_UNUSED_FUNCTION = YES;
				GCC_WARN_UNUSED_VARIABLE = YES;
				IPHONEOS_DEPLOYMENT_TARGET = 16.2;
				MTL_ENABLE_DEBUG_INFO = NO;
				MTL_FAST_MATH = YES;
				SDKROOT = iphoneos;
				SWIFT_COMPILATION_MODE = wholemodule;
				SWIFT_OPTIMIZATION_LEVEL = "-O";
				VALIDATE_PRODUCT = YES;
			};
			name = Release;
		};
		DCB4227E2C9AFC6800C90FF5 /* Debug */ = {
			isa = XCBuildConfiguration;
			buildSettings = {
				ASSETCATALOG_COMPILER_APPICON_NAME = AppIcon;
				ASSETCATALOG_COMPILER_GLOBAL_ACCENT_COLOR_NAME = AccentColor;
				CODE_SIGN_STYLE = Automatic;
				CURRENT_PROJECT_VERSION = 1;
				GENERATE_INFOPLIST_FILE = YES;
				INFOPLIST_FILE = URLSessionUserDefaultsPractice3B21/Info.plist;
				INFOPLIST_KEY_UIApplicationSupportsIndirectInputEvents = YES;
				INFOPLIST_KEY_UILaunchStoryboardName = LaunchScreen;
				INFOPLIST_KEY_UIMainStoryboardFile = Main;
				INFOPLIST_KEY_UISupportedInterfaceOrientations_iPad = "UIInterfaceOrientationPortrait UIInterfaceOrientationPortraitUpsideDown UIInterfaceOrientationLandscapeLeft UIInterfaceOrientationLandscapeRight";
				INFOPLIST_KEY_UISupportedInterfaceOrientations_iPhone = "UIInterfaceOrientationPortrait UIInterfaceOrientationLandscapeLeft UIInterfaceOrientationLandscapeRight";
				LD_RUNPATH_SEARCH_PATHS = (
					"$(inherited)",
					"@executable_path/Frameworks",
				);
				MARKETING_VERSION = 1.0;
				PRODUCT_BUNDLE_IDENTIFIER = cotemig.URLSessionUserDefaultsPractice3B21;
				PRODUCT_NAME = "$(TARGET_NAME)";
				SWIFT_EMIT_LOC_STRINGS = YES;
				SWIFT_VERSION = 5.0;
				TARGETED_DEVICE_FAMILY = "1,2";
			};
			name = Debug;
		};
		DCB4227F2C9AFC6800C90FF5 /* Release */ = {
			isa = XCBuildConfiguration;
			buildSettings = {
				ASSETCATALOG_COMPILER_APPICON_NAME = AppIcon;
				ASSETCATALOG_COMPILER_GLOBAL_ACCENT_COLOR_NAME = AccentColor;
				CODE_SIGN_STYLE = Automatic;
				CURRENT_PROJECT_VERSION = 1;
				GENERATE_INFOPLIST_FILE = YES;
				INFOPLIST_FILE = URLSessionUserDefaultsPractice3B21/Info.plist;
				INFOPLIST_KEY_UIApplicationSupportsIndirectInputEvents = YES;
				INFOPLIST_KEY_UILaunchStoryboardName = LaunchScreen;
				INFOPLIST_KEY_UIMainStoryboardFile = Main;
				INFOPLIST_KEY_UISupportedInterfaceOrientations_iPad = "UIInterfaceOrientationPortrait UIInterfaceOrientationPortraitUpsideDown UIInterfaceOrientationLandscapeLeft UIInterfaceOrientationLandscapeRight";
				INFOPLIST_KEY_UISupportedInterfaceOrientations_iPhone = "UIInterfaceOrientationPortrait UIInterfaceOrientationLandscapeLeft UIInterfaceOrientationLandscapeRight";
				LD_RUNPATH_SEARCH_PATHS = (
					"$(inherited)",
					"@executable_path/Frameworks",
				);
				MARKETING_VERSION = 1.0;
				PRODUCT_BUNDLE_IDENTIFIER = cotemig.URLSessionUserDefaultsPractice3B21;
				PRODUCT_NAME = "$(TARGET_NAME)";
				SWIFT_EMIT_LOC_STRINGS = YES;
				SWIFT_VERSION = 5.0;
				TARGETED_DEVICE_FAMILY = "1,2";
			};
			name = Release;
		};
/* End XCBuildConfiguration section */

/* Begin XCConfigurationList section */
		DCB422642C9AFC6600C90FF5 /* Build configuration list for PBXProject "URLSessionUserDefaultsPractice3B21" */ = {
			isa = XCConfigurationList;
			buildConfigurations = (
				DCB4227B2C9AFC6800C90FF5 /* Debug */,
				DCB4227C2C9AFC6800C90FF5 /* Release */,
			);
			defaultConfigurationIsVisible = 0;
			defaultConfigurationName = Release;
		};
		DCB4227D2C9AFC6800C90FF5 /* Build configuration list for PBXNativeTarget "URLSessionUserDefaultsPractice3B21" */ = {
			isa = XCConfigurationList;
			buildConfigurations = (
				DCB4227E2C9AFC6800C90FF5 /* Debug */,
				DCB4227F2C9AFC6800C90FF5 /* Release */,
			);
			defaultConfigurationIsVisible = 0;
			defaultConfigurationName = Release;
		};
/* End XCConfigurationList section */
	};
	rootObject = DCB422612C9AFC6600C90FF5 /* Project object */;
}
